
Microsoft Visual Studio Solution File, Format Version 12.00
# Visual Studio 15
VisualStudioVersion = 15.0.28307.779
MinimumVisualStudioVersion = 10.0.40219.1
Project("{FAE04EC0-301F-11D3-BF4B-00C04F79EFBC}") = "leetcode", "leetcode\leetcode.csproj", "{77D35D94-D766-4775-BBC6-FC479E25EE77}"
EndProject
Project("{FAE04EC0-301F-11D3-BF4B-00C04F79EFBC}") = "字符", "字符\字符.csproj", "{BF23358D-C2AF-44B9-B83B-E1BD54755DE9}"
EndProject
Project("{FAE04EC0-301F-11D3-BF4B-00C04F79EFBC}") = "ConsoleApp1", "ConsoleApp1\ConsoleApp1.csproj", "{22CE41ED-673F-46A2-9CC2-55960FD8917C}"
EndProject
Project("{FAE04EC0-301F-11D3-BF4B-00C04F79EFBC}") = "ConsoleApp2", "ConsoleApp2\ConsoleApp2.csproj", "{3E372E2D-EB99-4622-B081-35DE3C2A1A6F}"
EndProject
Project("{9A19103F-16F7-4668-BE54-9A1E7A4F7556}") = "ConsoleApp3", "ConsoleApp3\ConsoleApp3.csproj", "{9DDC0E86-B394-4D58-9D33-1513752184EC}"
EndProject
Project("{9A19103F-16F7-4668-BE54-9A1E7A4F7556}") = "ConsoleApp4", "ConsoleApp4\ConsoleApp4.csproj", "{D54D485C-36B1-42D1-AD3C-1DD49B2854D4}"
EndProject
Project("{9A19103F-16F7-4668-BE54-9A1E7A4F7556}") = "ConsoleApp5", "ConsoleApp5\ConsoleApp5.csproj", "{A72BE979-2E2A-4478-8CF5-FBA67A6306A7}"
EndProject
Project("{9A19103F-16F7-4668-BE54-9A1E7A4F7556}") = "ConsoleApp6", "ConsoleApp6\ConsoleApp6.csproj", "{90BC72F1-AEAF-4EDA-8DFE-C94966F4DAB3}"
EndProject
Project("{9A19103F-16F7-4668-BE54-9A1E7A4F7556}") = "ConsoleApp7", "ConsoleApp7\ConsoleApp7.csproj", "{E57210BD-5850-43F3-B778-3D257B25AFA0}"
EndProject
Project("{9A19103F-16F7-4668-BE54-9A1E7A4F7556}") = "ConsoleApp8", "ConsoleApp8\ConsoleApp8.csproj", "{AAA8AFB2-DA21-47E2-B681-1D1BA7EC28DC}"
EndProject
Project("{9A19103F-16F7-4668-BE54-9A1E7A4F7556}") = "ConsoleApp9", "ConsoleApp9\ConsoleApp9.csproj", "{AEB9BDC3-8F76-47BD-8506-C7F371FF0D0A}"
EndProject
Project("{9A19103F-16F7-4668-BE54-9A1E7A4F7556}") = "ConsoleApp10", "ConsoleApp10\ConsoleApp10.csproj", "{8644C8D6-E3BF-4D19-AF74-B02F7E186CDB}"
EndProject
Project("{9A19103F-16F7-4668-BE54-9A1E7A4F7556}") = "二分法", "二分法\二分法.csproj", "{C3A1E39D-F0D5-4FE7-8606-F4FF0117BE37}"
EndProject
Project("{9A19103F-16F7-4668-BE54-9A1E7A4F7556}") = "二进制", "二进制\二进制.csproj", "{51395825-1EE6-43B7-BE40-6FB550D6C611}"
EndProject
Project("{9A19103F-16F7-4668-BE54-9A1E7A4F7556}") = "ConsoleApp12", "ConsoleApp12\ConsoleApp12.csproj", "{93ED4B42-778D-4116-AD48-F540C2723254}"
EndProject
Project("{9A19103F-16F7-4668-BE54-9A1E7A4F7556}") = "递归", "递归\递归.csproj", "{C2268645-0A5D-45BB-ABF3-069A288F0576}"
EndProject
Project("{9A19103F-16F7-4668-BE54-9A1E7A4F7556}") = "快速排序", "快速排序\快速排序.csproj", "{48E8C50A-2FD8-41E8-B19A-4AC0915ECC58}"
EndProject
Project("{9A19103F-16F7-4668-BE54-9A1E7A4F7556}") = "ConsoleApp13", "ConsoleApp13\ConsoleApp13.csproj", "{8C885F86-3697-437E-9B99-6CEA8D63C7BE}"
EndProject
Project("{9A19103F-16F7-4668-BE54-9A1E7A4F7556}") = "获取都为最大的正方形需几步", "获取都为最大的正方形需几步\获取都为最大的正方形需几步.csproj", "{78F8C91A-732B-4890-8F92-81CCD3386217}"
EndProject
Project("{9A19103F-16F7-4668-BE54-9A1E7A4F7556}") = "广度优先搜索", "广度优先搜索\广度优先搜索.csproj", "{CFCBD1E3-9889-45F0-AC67-02E0DBB904C2}"
EndProject
Project("{2150E333-8FDC-42A3-9474-1A3956D46DE8}") = "数据结构", "数据结构", "{DD6751F4-0BCF-4148-871A-4F40AAB84EDC}"
EndProject
Project("{9A19103F-16F7-4668-BE54-9A1E7A4F7556}") = "数组", "数组\数组.csproj", "{6EF14983-BA60-4C67-A78A-244ADACEAE40}"
EndProject
Project("{9A19103F-16F7-4668-BE54-9A1E7A4F7556}") = "Utils", "Utils\Utils.csproj", "{7C2D8FC0-86BE-44DD-AA53-3A0C3992F12C}"
EndProject
Project("{9A19103F-16F7-4668-BE54-9A1E7A4F7556}") = "栈", "栈\栈.csproj", "{63ACAD2F-F244-4792-A5C5-873AB74BAD1B}"
EndProject
Project("{9A19103F-16F7-4668-BE54-9A1E7A4F7556}") = "队列", "队列\队列.csproj", "{DC19D723-0D2E-44EF-B473-96D01CF5EF11}"
EndProject
Project("{9A19103F-16F7-4668-BE54-9A1E7A4F7556}") = "正则", "正则\正则.csproj", "{DCC3C579-A1AE-4FEE-9D6B-D9F8802539E3}"
EndProject
Project("{9A19103F-16F7-4668-BE54-9A1E7A4F7556}") = "EF", "EF\EF.csproj", "{BCFAD50A-091E-40AE-8993-5A7F36BC9AFB}"
EndProject
Project("{2150E333-8FDC-42A3-9474-1A3956D46DE8}") = "框架练习", "框架练习", "{4D2282CC-CB09-4864-AF25-D7A09672136E}"
EndProject
Project("{FAE04EC0-301F-11D3-BF4B-00C04F79EFBC}") = "WebApiDemo", "WebApiDemo\WebApiDemo.csproj", "{145D40C7-6FFC-413E-AE9F-C3241B0EE157}"
EndProject
Project("{FAE04EC0-301F-11D3-BF4B-00C04F79EFBC}") = "WebFormDemo", "WebFormDemo\WebFormDemo.csproj", "{D1A4A6D5-6A5C-4963-B474-E1EE3D6BFE2A}"
EndProject
Project("{F184B08F-C81C-45F6-A57F-5ABD9991F28F}") = "MvcDemo", "MvcDemo\MvcDemo.vbproj", "{102C60A2-6DDA-4B1F-84AE-9A9BAF294008}"
EndProject
Project("{9A19103F-16F7-4668-BE54-9A1E7A4F7556}") = "位运算1", "位运算1\位运算1.csproj", "{E969C73A-1A4B-4CF8-BEF4-62B81EFB2744}"
EndProject
Project("{FAE04EC0-301F-11D3-BF4B-00C04F79EFBC}") = "BookService", "BookService\BookService.csproj", "{B817DD04-54AE-4AD7-9B42-91E01CB42732}"
EndProject
Project("{2150E333-8FDC-42A3-9474-1A3956D46DE8}") = "面试题", "面试题", "{58F99BD0-5080-4121-B9A5-B00CC5EA41F5}"
EndProject
Project("{9A19103F-16F7-4668-BE54-9A1E7A4F7556}") = "ConsoleApp14", "ConsoleApp14\ConsoleApp14.csproj", "{8E53CB78-CBB4-4D24-BA4C-367DF74FF960}"
EndProject
Project("{9A19103F-16F7-4668-BE54-9A1E7A4F7556}") = "ConsoleApp15", "ConsoleApp15\ConsoleApp15.csproj", "{77AB647E-A81E-45C6-B90A-D3279D1E9F1B}"
EndProject
Project("{2150E333-8FDC-42A3-9474-1A3956D46DE8}") = "NewFolder1", "NewFolder1", "{C9792147-0413-4090-830B-CF3D521E5150}"
EndProject
Project("{9A19103F-16F7-4668-BE54-9A1E7A4F7556}") = "log4net", "log4net\log4net.csproj", "{5E5AF90B-695D-49E1-AF04-D4DD15B75E8F}"
EndProject
Project("{9A19103F-16F7-4668-BE54-9A1E7A4F7556}") = "DapperDemo", "DapperDemo\DapperDemo.csproj", "{04D65374-8237-4BA4-BCCE-76EE9C49CD41}"
EndProject
Project("{9A19103F-16F7-4668-BE54-9A1E7A4F7556}") = "数组实现队列", "数组实现队列\数组实现队列.csproj", "{EF82DF5B-14AC-41A3-A8D3-EB4E09685370}"
EndProject
Project("{9A19103F-16F7-4668-BE54-9A1E7A4F7556}") = "ConsoleApp16", "ConsoleApp16\ConsoleApp16.csproj", "{96E81365-37E6-4909-BEF2-6265AAC14324}"
EndProject
Global
	GlobalSection(SolutionConfigurationPlatforms) = preSolution
		Debug|Any CPU = Debug|Any CPU
		Release|Any CPU = Release|Any CPU
	EndGlobalSection
	GlobalSection(ProjectConfigurationPlatforms) = postSolution
		{77D35D94-D766-4775-BBC6-FC479E25EE77}.Debug|Any CPU.ActiveCfg = Debug|Any CPU
		{77D35D94-D766-4775-BBC6-FC479E25EE77}.Debug|Any CPU.Build.0 = Debug|Any CPU
		{77D35D94-D766-4775-BBC6-FC479E25EE77}.Release|Any CPU.ActiveCfg = Release|Any CPU
		{77D35D94-D766-4775-BBC6-FC479E25EE77}.Release|Any CPU.Build.0 = Release|Any CPU
		{BF23358D-C2AF-44B9-B83B-E1BD54755DE9}.Debug|Any CPU.ActiveCfg = Debug|Any CPU
		{BF23358D-C2AF-44B9-B83B-E1BD54755DE9}.Debug|Any CPU.Build.0 = Debug|Any CPU
		{BF23358D-C2AF-44B9-B83B-E1BD54755DE9}.Release|Any CPU.ActiveCfg = Release|Any CPU
		{BF23358D-C2AF-44B9-B83B-E1BD54755DE9}.Release|Any CPU.Build.0 = Release|Any CPU
		{22CE41ED-673F-46A2-9CC2-55960FD8917C}.Debug|Any CPU.ActiveCfg = Debug|Any CPU
		{22CE41ED-673F-46A2-9CC2-55960FD8917C}.Debug|Any CPU.Build.0 = Debug|Any CPU
		{22CE41ED-673F-46A2-9CC2-55960FD8917C}.Release|Any CPU.ActiveCfg = Release|Any CPU
		{22CE41ED-673F-46A2-9CC2-55960FD8917C}.Release|Any CPU.Build.0 = Release|Any CPU
		{3E372E2D-EB99-4622-B081-35DE3C2A1A6F}.Debug|Any CPU.ActiveCfg = Debug|Any CPU
		{3E372E2D-EB99-4622-B081-35DE3C2A1A6F}.Debug|Any CPU.Build.0 = Debug|Any CPU
		{3E372E2D-EB99-4622-B081-35DE3C2A1A6F}.Release|Any CPU.ActiveCfg = Release|Any CPU
		{3E372E2D-EB99-4622-B081-35DE3C2A1A6F}.Release|Any CPU.Build.0 = Release|Any CPU
		{9DDC0E86-B394-4D58-9D33-1513752184EC}.Debug|Any CPU.ActiveCfg = Debug|Any CPU
		{9DDC0E86-B394-4D58-9D33-1513752184EC}.Debug|Any CPU.Build.0 = Debug|Any CPU
		{9DDC0E86-B394-4D58-9D33-1513752184EC}.Release|Any CPU.ActiveCfg = Release|Any CPU
		{9DDC0E86-B394-4D58-9D33-1513752184EC}.Release|Any CPU.Build.0 = Release|Any CPU
		{D54D485C-36B1-42D1-AD3C-1DD49B2854D4}.Debug|Any CPU.ActiveCfg = Debug|Any CPU
		{D54D485C-36B1-42D1-AD3C-1DD49B2854D4}.Debug|Any CPU.Build.0 = Debug|Any CPU
		{D54D485C-36B1-42D1-AD3C-1DD49B2854D4}.Release|Any CPU.ActiveCfg = Release|Any CPU
		{D54D485C-36B1-42D1-AD3C-1DD49B2854D4}.Release|Any CPU.Build.0 = Release|Any CPU
		{A72BE979-2E2A-4478-8CF5-FBA67A6306A7}.Debug|Any CPU.ActiveCfg = Debug|Any CPU
		{A72BE979-2E2A-4478-8CF5-FBA67A6306A7}.Debug|Any CPU.Build.0 = Debug|Any CPU
		{A72BE979-2E2A-4478-8CF5-FBA67A6306A7}.Release|Any CPU.ActiveCfg = Release|Any CPU
		{A72BE979-2E2A-4478-8CF5-FBA67A6306A7}.Release|Any CPU.Build.0 = Release|Any CPU
		{90BC72F1-AEAF-4EDA-8DFE-C94966F4DAB3}.Debug|Any CPU.ActiveCfg = Debug|Any CPU
		{90BC72F1-AEAF-4EDA-8DFE-C94966F4DAB3}.Debug|Any CPU.Build.0 = Debug|Any CPU
		{90BC72F1-AEAF-4EDA-8DFE-C94966F4DAB3}.Release|Any CPU.ActiveCfg = Release|Any CPU
		{90BC72F1-AEAF-4EDA-8DFE-C94966F4DAB3}.Release|Any CPU.Build.0 = Release|Any CPU
		{E57210BD-5850-43F3-B778-3D257B25AFA0}.Debug|Any CPU.ActiveCfg = Debug|Any CPU
		{E57210BD-5850-43F3-B778-3D257B25AFA0}.Debug|Any CPU.Build.0 = Debug|Any CPU
		{E57210BD-5850-43F3-B778-3D257B25AFA0}.Release|Any CPU.ActiveCfg = Release|Any CPU
		{E57210BD-5850-43F3-B778-3D257B25AFA0}.Release|Any CPU.Build.0 = Release|Any CPU
		{AAA8AFB2-DA21-47E2-B681-1D1BA7EC28DC}.Debug|Any CPU.ActiveCfg = Debug|Any CPU
		{AAA8AFB2-DA21-47E2-B681-1D1BA7EC28DC}.Debug|Any CPU.Build.0 = Debug|Any CPU
		{AAA8AFB2-DA21-47E2-B681-1D1BA7EC28DC}.Release|Any CPU.ActiveCfg = Release|Any CPU
		{AAA8AFB2-DA21-47E2-B681-1D1BA7EC28DC}.Release|Any CPU.Build.0 = Release|Any CPU
		{AEB9BDC3-8F76-47BD-8506-C7F371FF0D0A}.Debug|Any CPU.ActiveCfg = Debug|Any CPU
		{AEB9BDC3-8F76-47BD-8506-C7F371FF0D0A}.Debug|Any CPU.Build.0 = Debug|Any CPU
		{AEB9BDC3-8F76-47BD-8506-C7F371FF0D0A}.Release|Any CPU.ActiveCfg = Release|Any CPU
		{AEB9BDC3-8F76-47BD-8506-C7F371FF0D0A}.Release|Any CPU.Build.0 = Release|Any CPU
		{8644C8D6-E3BF-4D19-AF74-B02F7E186CDB}.Debug|Any CPU.ActiveCfg = Debug|Any CPU
		{8644C8D6-E3BF-4D19-AF74-B02F7E186CDB}.Debug|Any CPU.Build.0 = Debug|Any CPU
		{8644C8D6-E3BF-4D19-AF74-B02F7E186CDB}.Release|Any CPU.ActiveCfg = Release|Any CPU
		{8644C8D6-E3BF-4D19-AF74-B02F7E186CDB}.Release|Any CPU.Build.0 = Release|Any CPU
		{C3A1E39D-F0D5-4FE7-8606-F4FF0117BE37}.Debug|Any CPU.ActiveCfg = Debug|Any CPU
		{C3A1E39D-F0D5-4FE7-8606-F4FF0117BE37}.Debug|Any CPU.Build.0 = Debug|Any CPU
		{C3A1E39D-F0D5-4FE7-8606-F4FF0117BE37}.Release|Any CPU.ActiveCfg = Release|Any CPU
		{C3A1E39D-F0D5-4FE7-8606-F4FF0117BE37}.Release|Any CPU.Build.0 = Release|Any CPU
		{51395825-1EE6-43B7-BE40-6FB550D6C611}.Debug|Any CPU.ActiveCfg = Debug|Any CPU
		{51395825-1EE6-43B7-BE40-6FB550D6C611}.Debug|Any CPU.Build.0 = Debug|Any CPU
		{51395825-1EE6-43B7-BE40-6FB550D6C611}.Release|Any CPU.ActiveCfg = Release|Any CPU
		{51395825-1EE6-43B7-BE40-6FB550D6C611}.Release|Any CPU.Build.0 = Release|Any CPU
		{93ED4B42-778D-4116-AD48-F540C2723254}.Debug|Any CPU.ActiveCfg = Debug|Any CPU
		{93ED4B42-778D-4116-AD48-F540C2723254}.Debug|Any CPU.Build.0 = Debug|Any CPU
		{93ED4B42-778D-4116-AD48-F540C2723254}.Release|Any CPU.ActiveCfg = Release|Any CPU
		{93ED4B42-778D-4116-AD48-F540C2723254}.Release|Any CPU.Build.0 = Release|Any CPU
		{C2268645-0A5D-45BB-ABF3-069A288F0576}.Debug|Any CPU.ActiveCfg = Debug|Any CPU
		{C2268645-0A5D-45BB-ABF3-069A288F0576}.Debug|Any CPU.Build.0 = Debug|Any CPU
		{C2268645-0A5D-45BB-ABF3-069A288F0576}.Release|Any CPU.ActiveCfg = Release|Any CPU
		{C2268645-0A5D-45BB-ABF3-069A288F0576}.Release|Any CPU.Build.0 = Release|Any CPU
		{48E8C50A-2FD8-41E8-B19A-4AC0915ECC58}.Debug|Any CPU.ActiveCfg = Debug|Any CPU
		{48E8C50A-2FD8-41E8-B19A-4AC0915ECC58}.Debug|Any CPU.Build.0 = Debug|Any CPU
		{48E8C50A-2FD8-41E8-B19A-4AC0915ECC58}.Release|Any CPU.ActiveCfg = Release|Any CPU
		{48E8C50A-2FD8-41E8-B19A-4AC0915ECC58}.Release|Any CPU.Build.0 = Release|Any CPU
		{8C885F86-3697-437E-9B99-6CEA8D63C7BE}.Debug|Any CPU.ActiveCfg = Debug|Any CPU
		{8C885F86-3697-437E-9B99-6CEA8D63C7BE}.Debug|Any CPU.Build.0 = Debug|Any CPU
		{8C885F86-3697-437E-9B99-6CEA8D63C7BE}.Release|Any CPU.ActiveCfg = Release|Any CPU
		{8C885F86-3697-437E-9B99-6CEA8D63C7BE}.Release|Any CPU.Build.0 = Release|Any CPU
		{78F8C91A-732B-4890-8F92-81CCD3386217}.Debug|Any CPU.ActiveCfg = Debug|Any CPU
		{78F8C91A-732B-4890-8F92-81CCD3386217}.Debug|Any CPU.Build.0 = Debug|Any CPU
		{78F8C91A-732B-4890-8F92-81CCD3386217}.Release|Any CPU.ActiveCfg = Release|Any CPU
		{78F8C91A-732B-4890-8F92-81CCD3386217}.Release|Any CPU.Build.0 = Release|Any CPU
		{CFCBD1E3-9889-45F0-AC67-02E0DBB904C2}.Debug|Any CPU.ActiveCfg = Debug|Any CPU
		{CFCBD1E3-9889-45F0-AC67-02E0DBB904C2}.Debug|Any CPU.Build.0 = Debug|Any CPU
		{CFCBD1E3-9889-45F0-AC67-02E0DBB904C2}.Release|Any CPU.ActiveCfg = Release|Any CPU
		{CFCBD1E3-9889-45F0-AC67-02E0DBB904C2}.Release|Any CPU.Build.0 = Release|Any CPU
		{6EF14983-BA60-4C67-A78A-244ADACEAE40}.Debug|Any CPU.ActiveCfg = Debug|Any CPU
		{6EF14983-BA60-4C67-A78A-244ADACEAE40}.Debug|Any CPU.Build.0 = Debug|Any CPU
		{6EF14983-BA60-4C67-A78A-244ADACEAE40}.Release|Any CPU.ActiveCfg = Release|Any CPU
		{6EF14983-BA60-4C67-A78A-244ADACEAE40}.Release|Any CPU.Build.0 = Release|Any CPU
		{7C2D8FC0-86BE-44DD-AA53-3A0C3992F12C}.Debug|Any CPU.ActiveCfg = Debug|Any CPU
		{7C2D8FC0-86BE-44DD-AA53-3A0C3992F12C}.Debug|Any CPU.Build.0 = Debug|Any CPU
		{7C2D8FC0-86BE-44DD-AA53-3A0C3992F12C}.Release|Any CPU.ActiveCfg = Release|Any CPU
		{7C2D8FC0-86BE-44DD-AA53-3A0C3992F12C}.Release|Any CPU.Build.0 = Release|Any CPU
		{63ACAD2F-F244-4792-A5C5-873AB74BAD1B}.Debug|Any CPU.ActiveCfg = Debug|Any CPU
		{63ACAD2F-F244-4792-A5C5-873AB74BAD1B}.Debug|Any CPU.Build.0 = Debug|Any CPU
		{63ACAD2F-F244-4792-A5C5-873AB74BAD1B}.Release|Any CPU.ActiveCfg = Release|Any CPU
		{63ACAD2F-F244-4792-A5C5-873AB74BAD1B}.Release|Any CPU.Build.0 = Release|Any CPU
		{DC19D723-0D2E-44EF-B473-96D01CF5EF11}.Debug|Any CPU.ActiveCfg = Debug|Any CPU
		{DC19D723-0D2E-44EF-B473-96D01CF5EF11}.Debug|Any CPU.Build.0 = Debug|Any CPU
		{DC19D723-0D2E-44EF-B473-96D01CF5EF11}.Release|Any CPU.ActiveCfg = Release|Any CPU
		{DC19D723-0D2E-44EF-B473-96D01CF5EF11}.Release|Any CPU.Build.0 = Release|Any CPU
		{DCC3C579-A1AE-4FEE-9D6B-D9F8802539E3}.Debug|Any CPU.ActiveCfg = Debug|Any CPU
		{DCC3C579-A1AE-4FEE-9D6B-D9F8802539E3}.Debug|Any CPU.Build.0 = Debug|Any CPU
		{DCC3C579-A1AE-4FEE-9D6B-D9F8802539E3}.Release|Any CPU.ActiveCfg = Release|Any CPU
		{DCC3C579-A1AE-4FEE-9D6B-D9F8802539E3}.Release|Any CPU.Build.0 = Release|Any CPU
		{BCFAD50A-091E-40AE-8993-5A7F36BC9AFB}.Debug|Any CPU.ActiveCfg = Debug|Any CPU
		{BCFAD50A-091E-40AE-8993-5A7F36BC9AFB}.Debug|Any CPU.Build.0 = Debug|Any CPU
		{BCFAD50A-091E-40AE-8993-5A7F36BC9AFB}.Release|Any CPU.ActiveCfg = Release|Any CPU
		{BCFAD50A-091E-40AE-8993-5A7F36BC9AFB}.Release|Any CPU.Build.0 = Release|Any CPU
		{145D40C7-6FFC-413E-AE9F-C3241B0EE157}.Debug|Any CPU.ActiveCfg = Debug|Any CPU
		{145D40C7-6FFC-413E-AE9F-C3241B0EE157}.Debug|Any CPU.Build.0 = Debug|Any CPU
		{145D40C7-6FFC-413E-AE9F-C3241B0EE157}.Release|Any CPU.ActiveCfg = Release|Any CPU
		{145D40C7-6FFC-413E-AE9F-C3241B0EE157}.Release|Any CPU.Build.0 = Release|Any CPU
		{D1A4A6D5-6A5C-4963-B474-E1EE3D6BFE2A}.Debug|Any CPU.ActiveCfg = Debug|Any CPU
		{D1A4A6D5-6A5C-4963-B474-E1EE3D6BFE2A}.Debug|Any CPU.Build.0 = Debug|Any CPU
		{D1A4A6D5-6A5C-4963-B474-E1EE3D6BFE2A}.Release|Any CPU.ActiveCfg = Release|Any CPU
		{D1A4A6D5-6A5C-4963-B474-E1EE3D6BFE2A}.Release|Any CPU.Build.0 = Release|Any CPU
		{102C60A2-6DDA-4B1F-84AE-9A9BAF294008}.Debug|Any CPU.ActiveCfg = Debug|Any CPU
		{102C60A2-6DDA-4B1F-84AE-9A9BAF294008}.Debug|Any CPU.Build.0 = Debug|Any CPU
		{102C60A2-6DDA-4B1F-84AE-9A9BAF294008}.Release|Any CPU.ActiveCfg = Release|Any CPU
		{102C60A2-6DDA-4B1F-84AE-9A9BAF294008}.Release|Any CPU.Build.0 = Release|Any CPU
		{E969C73A-1A4B-4CF8-BEF4-62B81EFB2744}.Debug|Any CPU.ActiveCfg = Debug|Any CPU
		{E969C73A-1A4B-4CF8-BEF4-62B81EFB2744}.Debug|Any CPU.Build.0 = Debug|Any CPU
		{E969C73A-1A4B-4CF8-BEF4-62B81EFB2744}.Release|Any CPU.ActiveCfg = Release|Any CPU
		{E969C73A-1A4B-4CF8-BEF4-62B81EFB2744}.Release|Any CPU.Build.0 = Release|Any CPU
		{B817DD04-54AE-4AD7-9B42-91E01CB42732}.Debug|Any CPU.ActiveCfg = Debug|Any CPU
		{B817DD04-54AE-4AD7-9B42-91E01CB42732}.Debug|Any CPU.Build.0 = Debug|Any CPU
		{B817DD04-54AE-4AD7-9B42-91E01CB42732}.Release|Any CPU.ActiveCfg = Release|Any CPU
		{B817DD04-54AE-4AD7-9B42-91E01CB42732}.Release|Any CPU.Build.0 = Release|Any CPU
		{8E53CB78-CBB4-4D24-BA4C-367DF74FF960}.Debug|Any CPU.ActiveCfg = Debug|Any CPU
		{8E53CB78-CBB4-4D24-BA4C-367DF74FF960}.Debug|Any CPU.Build.0 = Debug|Any CPU
		{8E53CB78-CBB4-4D24-BA4C-367DF74FF960}.Release|Any CPU.ActiveCfg = Release|Any CPU
		{8E53CB78-CBB4-4D24-BA4C-367DF74FF960}.Release|Any CPU.Build.0 = Release|Any CPU
		{77AB647E-A81E-45C6-B90A-D3279D1E9F1B}.Debug|Any CPU.ActiveCfg = Debug|Any CPU
		{77AB647E-A81E-45C6-B90A-D3279D1E9F1B}.Debug|Any CPU.Build.0 = Debug|Any CPU
		{77AB647E-A81E-45C6-B90A-D3279D1E9F1B}.Release|Any CPU.ActiveCfg = Release|Any CPU
		{77AB647E-A81E-45C6-B90A-D3279D1E9F1B}.Release|Any CPU.Build.0 = Release|Any CPU
		{5E5AF90B-695D-49E1-AF04-D4DD15B75E8F}.Debug|Any CPU.ActiveCfg = Debug|Any CPU
		{5E5AF90B-695D-49E1-AF04-D4DD15B75E8F}.Debug|Any CPU.Build.0 = Debug|Any CPU
		{5E5AF90B-695D-49E1-AF04-D4DD15B75E8F}.Release|Any CPU.ActiveCfg = Release|Any CPU
		{5E5AF90B-695D-49E1-AF04-D4DD15B75E8F}.Release|Any CPU.Build.0 = Release|Any CPU
		{04D65374-8237-4BA4-BCCE-76EE9C49CD41}.Debug|Any CPU.ActiveCfg = Debug|Any CPU
		{04D65374-8237-4BA4-BCCE-76EE9C49CD41}.Debug|Any CPU.Build.0 = Debug|Any CPU
		{04D65374-8237-4BA4-BCCE-76EE9C49CD41}.Release|Any CPU.ActiveCfg = Release|Any CPU
		{04D65374-8237-4BA4-BCCE-76EE9C49CD41}.Release|Any CPU.Build.0 = Release|Any CPU
		{EF82DF5B-14AC-41A3-A8D3-EB4E09685370}.Debug|Any CPU.ActiveCfg = Debug|Any CPU
		{EF82DF5B-14AC-41A3-A8D3-EB4E09685370}.Debug|Any CPU.Build.0 = Debug|Any CPU
		{EF82DF5B-14AC-41A3-A8D3-EB4E09685370}.Release|Any CPU.ActiveCfg = Release|Any CPU
		{EF82DF5B-14AC-41A3-A8D3-EB4E09685370}.Release|Any CPU.Build.0 = Release|Any CPU
		{96E81365-37E6-4909-BEF2-6265AAC14324}.Debug|Any CPU.ActiveCfg = Debug|Any CPU
		{96E81365-37E6-4909-BEF2-6265AAC14324}.Debug|Any CPU.Build.0 = Debug|Any CPU
		{96E81365-37E6-4909-BEF2-6265AAC14324}.Release|Any CPU.ActiveCfg = Release|Any CPU
		{96E81365-37E6-4909-BEF2-6265AAC14324}.Release|Any CPU.Build.0 = Release|Any CPU
	EndGlobalSection
	GlobalSection(SolutionProperties) = preSolution
		HideSolutionNode = FALSE
	EndGlobalSection
	GlobalSection(NestedProjects) = preSolution
		{22CE41ED-673F-46A2-9CC2-55960FD8917C} = {C9792147-0413-4090-830B-CF3D521E5150}
		{3E372E2D-EB99-4622-B081-35DE3C2A1A6F} = {C9792147-0413-4090-830B-CF3D521E5150}
		{9DDC0E86-B394-4D58-9D33-1513752184EC} = {C9792147-0413-4090-830B-CF3D521E5150}
		{D54D485C-36B1-42D1-AD3C-1DD49B2854D4} = {C9792147-0413-4090-830B-CF3D521E5150}
		{A72BE979-2E2A-4478-8CF5-FBA67A6306A7} = {C9792147-0413-4090-830B-CF3D521E5150}
		{90BC72F1-AEAF-4EDA-8DFE-C94966F4DAB3} = {C9792147-0413-4090-830B-CF3D521E5150}
		{E57210BD-5850-43F3-B778-3D257B25AFA0} = {C9792147-0413-4090-830B-CF3D521E5150}
		{AAA8AFB2-DA21-47E2-B681-1D1BA7EC28DC} = {C9792147-0413-4090-830B-CF3D521E5150}
		{AEB9BDC3-8F76-47BD-8506-C7F371FF0D0A} = {C9792147-0413-4090-830B-CF3D521E5150}
		{8644C8D6-E3BF-4D19-AF74-B02F7E186CDB} = {C9792147-0413-4090-830B-CF3D521E5150}
		{93ED4B42-778D-4116-AD48-F540C2723254} = {C9792147-0413-4090-830B-CF3D521E5150}
		{8C885F86-3697-437E-9B99-6CEA8D63C7BE} = {C9792147-0413-4090-830B-CF3D521E5150}
		{6EF14983-BA60-4C67-A78A-244ADACEAE40} = {DD6751F4-0BCF-4148-871A-4F40AAB84EDC}
		{63ACAD2F-F244-4792-A5C5-873AB74BAD1B} = {DD6751F4-0BCF-4148-871A-4F40AAB84EDC}
		{DC19D723-0D2E-44EF-B473-96D01CF5EF11} = {DD6751F4-0BCF-4148-871A-4F40AAB84EDC}
		{DCC3C579-A1AE-4FEE-9D6B-D9F8802539E3} = {DD6751F4-0BCF-4148-871A-4F40AAB84EDC}
		{145D40C7-6FFC-413E-AE9F-C3241B0EE157} = {4D2282CC-CB09-4864-AF25-D7A09672136E}
		{D1A4A6D5-6A5C-4963-B474-E1EE3D6BFE2A} = {4D2282CC-CB09-4864-AF25-D7A09672136E}
		{102C60A2-6DDA-4B1F-84AE-9A9BAF294008} = {4D2282CC-CB09-4864-AF25-D7A09672136E}
		{E969C73A-1A4B-4CF8-BEF4-62B81EFB2744} = {DD6751F4-0BCF-4148-871A-4F40AAB84EDC}
		{B817DD04-54AE-4AD7-9B42-91E01CB42732} = {4D2282CC-CB09-4864-AF25-D7A09672136E}
		{8E53CB78-CBB4-4D24-BA4C-367DF74FF960} = {58F99BD0-5080-4121-B9A5-B00CC5EA41F5}
		{77AB647E-A81E-45C6-B90A-D3279D1E9F1B} = {58F99BD0-5080-4121-B9A5-B00CC5EA41F5}
		{EF82DF5B-14AC-41A3-A8D3-EB4E09685370} = {DD6751F4-0BCF-4148-871A-4F40AAB84EDC}
	EndGlobalSection
	GlobalSection(ExtensibilityGlobals) = postSolution
		SolutionGuid = {61D91A8E-34BB-4227-ADFF-13B11A6D2C66}
	EndGlobalSection
EndGlobal
